
Microsoft Visual Studio Solution File, Format Version 12.00
# Visual Studio Version 17
VisualStudioVersion = 17.3.32825.248
MinimumVisualStudioVersion = 10.0.40219.1
Project("{9A19103F-16F7-4668-BE54-9A1E7A4F7556}") = "CashGuy", "CashGuy\CashGuy.csproj", "{1F9365B2-B3E9-4011-AC3A-11BCEEE479BC}"
EndProject
Project("{FAE04EC0-301F-11D3-BF4B-00C04F79EFBC}") = "Casino", "Asart\Casino.csproj", "{F37D6335-4A0C-4705-86E8-35494351487B}"
EndProject
Global
	GlobalSection(SolutionConfigurationPlatforms) = preSolution
		Debug|Any CPU = Debug|Any CPU
		Release|Any CPU = Release|Any CPU
	EndGlobalSection
	GlobalSection(ProjectConfigurationPlatforms) = postSolution
		{1F9365B2-B3E9-4011-AC3A-11BCEEE479BC}.Debug|Any CPU.ActiveCfg = Debug|Any CPU
		{1F9365B2-B3E9-4011-AC3A-11BCEEE479BC}.Debug|Any CPU.Build.0 = Debug|Any CPU
		{1F9365B2-B3E9-4011-AC3A-11BCEEE479BC}.Release|Any CPU.ActiveCfg = Release|Any CPU
		{1F9365B2-B3E9-4011-AC3A-11BCEEE479BC}.Release|Any CPU.Build.0 = Release|Any CPU
		{F37D6335-4A0C-4705-86E8-35494351487B}.Debug|Any CPU.ActiveCfg = Debug|Any CPU
		{F37D6335-4A0C-4705-86E8-35494351487B}.Debug|Any CPU.Build.0 = Debug|Any CPU
		{F37D6335-4A0C-4705-86E8-35494351487B}.Release|Any CPU.ActiveCfg = Release|Any CPU
		{F37D6335-4A0C-4705-86E8-35494351487B}.Release|Any CPU.Build.0 = Release|Any CPU
	EndGlobalSection
	GlobalSection(SolutionProperties) = preSolution
		HideSolutionNode = FALSE
	EndGlobalSection
	GlobalSection(ExtensibilityGlobals) = postSolution
		SolutionGuid = {18D95520-DB25-45B7-8F2D-DEE5A9BC566B}
	EndGlobalSection
EndGlobal
